// !$*UTF8*$!
{
	archiveVersion = 1;
	classes = {
	};
	objectVersion = 56;
	objects = {

/* Begin PBXBuildFile section */
		93181DAC2991BCA6008B51C0 /* DGSWchatApp.swift in Sources */ = {isa = PBXBuildFile; fileRef = 93181DAB2991BCA6008B51C0 /* DGSWchatApp.swift */; };
		93181DAE2991BCA6008B51C0 /* MainView.swift in Sources */ = {isa = PBXBuildFile; fileRef = 93181DAD2991BCA6008B51C0 /* MainView.swift */; };
		93181DB02991BCA7008B51C0 /* Assets.xcassets in Resources */ = {isa = PBXBuildFile; fileRef = 93181DAF2991BCA7008B51C0 /* Assets.xcassets */; };
		93181DBC2991BD52008B51C0 /* SWColor.swift in Sources */ = {isa = PBXBuildFile; fileRef = 93181DBB2991BD52008B51C0 /* SWColor.swift */; };
		93181DC12991BDF7008B51C0 /* LaunchView.swift in Sources */ = {isa = PBXBuildFile; fileRef = 93181DC02991BDF7008B51C0 /* LaunchView.swift */; };
		93181DC42991BE3D008B51C0 /* Interceptor.swift in Sources */ = {isa = PBXBuildFile; fileRef = 93181DC32991BE3D008B51C0 /* Interceptor.swift */; };
		93181DC72991BE75008B51C0 /* Alamofire in Frameworks */ = {isa = PBXBuildFile; productRef = 93181DC62991BE75008B51C0 /* Alamofire */; };
		93181DCB2991BEA6008B51C0 /* OnboardingView.swift in Sources */ = {isa = PBXBuildFile; fileRef = 93181DCA2991BEA6008B51C0 /* OnboardingView.swift */; };
		93181DCE2991BEF5008B51C0 /* SWButton.swift in Sources */ = {isa = PBXBuildFile; fileRef = 93181DCD2991BEF5008B51C0 /* SWButton.swift */; };
		93181DD12991BF4B008B51C0 /* SWFont.swift in Sources */ = {isa = PBXBuildFile; fileRef = 93181DD02991BF4B008B51C0 /* SWFont.swift */; };
		93181DD42991BF95008B51C0 /* SWLabel.swift in Sources */ = {isa = PBXBuildFile; fileRef = 93181DD32991BF95008B51C0 /* SWLabel.swift */; };
		93181DD62991C1A0008B51C0 /* SWField.swift in Sources */ = {isa = PBXBuildFile; fileRef = 93181DD52991C1A0008B51C0 /* SWField.swift */; };
		93181DD92991C293008B51C0 /* ViewExt.swift in Sources */ = {isa = PBXBuildFile; fileRef = 93181DD82991C293008B51C0 /* ViewExt.swift */; };
		93181DDC2991CFB2008B51C0 /* Constants.swift in Sources */ = {isa = PBXBuildFile; fileRef = 93181DDB2991CFB2008B51C0 /* Constants.swift */; };
		93181DDF2991D01A008B51C0 /* OnboardingController.swift in Sources */ = {isa = PBXBuildFile; fileRef = 93181DDE2991D01A008B51C0 /* OnboardingController.swift */; };
		93181DE32991D0B7008B51C0 /* Response.swift in Sources */ = {isa = PBXBuildFile; fileRef = 93181DE22991D0B7008B51C0 /* Response.swift */; };
		93181DE52991D0E0008B51C0 /* TokenManager.swift in Sources */ = {isa = PBXBuildFile; fileRef = 93181DE42991D0E0008B51C0 /* TokenManager.swift */; };
		93181DE82991D286008B51C0 /* RealmSwift in Frameworks */ = {isa = PBXBuildFile; productRef = 93181DE72991D286008B51C0 /* RealmSwift */; };
		93181DEB2991D29C008B51C0 /* ChatView.swift in Sources */ = {isa = PBXBuildFile; fileRef = 93181DEA2991D29C008B51C0 /* ChatView.swift */; };
		9337AD402991D2DE00449466 /* ChatController.swift in Sources */ = {isa = PBXBuildFile; fileRef = 9337AD3F2991D2DE00449466 /* ChatController.swift */; };
		9337AD422991D2E300449466 /* ChatDataManager.swift in Sources */ = {isa = PBXBuildFile; fileRef = 9337AD412991D2E300449466 /* ChatDataManager.swift */; };
		9337AD452991D6D000449466 /* ChatData.swift in Sources */ = {isa = PBXBuildFile; fileRef = 9337AD442991D6D000449466 /* ChatData.swift */; };
		9361D88B2992679D00819A3C /* NotifyView.swift in Sources */ = {isa = PBXBuildFile; fileRef = 9361D88A2992679D00819A3C /* NotifyView.swift */; };
		937989502991F5620093A42A /* OnboardingData.swift in Sources */ = {isa = PBXBuildFile; fileRef = 9379894F2991F5620093A42A /* OnboardingData.swift */; };
		9379895229920BAC0093A42A /* TransitionExt.swift in Sources */ = {isa = PBXBuildFile; fileRef = 9379895129920BAC0093A42A /* TransitionExt.swift */; };
		93798955299229BD0093A42A /* StringExt.swift in Sources */ = {isa = PBXBuildFile; fileRef = 93798954299229BD0093A42A /* StringExt.swift */; };
		93798957299230600093A42A /* SWView.swift in Sources */ = {isa = PBXBuildFile; fileRef = 93798956299230600093A42A /* SWView.swift */; };
		9379895929923DDB0093A42A /* MainCellView.swift in Sources */ = {isa = PBXBuildFile; fileRef = 9379895829923DDB0093A42A /* MainCellView.swift */; };
		9379895B29923FB30093A42A /* MainData.swift in Sources */ = {isa = PBXBuildFile; fileRef = 9379895A29923FB30093A42A /* MainData.swift */; };
		93C2BAE12992610C005C2CAF /* ProfileController.swift in Sources */ = {isa = PBXBuildFile; fileRef = 93C2BAE02992610C005C2CAF /* ProfileController.swift */; };
		93C2BAE329926110005C2CAF /* ProfileData.swift in Sources */ = {isa = PBXBuildFile; fileRef = 93C2BAE229926110005C2CAF /* ProfileData.swift */; };
		93C2BAE52992611B005C2CAF /* ProfileView.swift in Sources */ = {isa = PBXBuildFile; fileRef = 93C2BAE42992611B005C2CAF /* ProfileView.swift */; };
		93C2BAE8299263E6005C2CAF /* WriteView.swift in Sources */ = {isa = PBXBuildFile; fileRef = 93C2BAE7299263E6005C2CAF /* WriteView.swift */; };
		93C2BAEA299263EE005C2CAF /* WriteController.swift in Sources */ = {isa = PBXBuildFile; fileRef = 93C2BAE9299263EE005C2CAF /* WriteController.swift */; };
		93C2BAEC299263F2005C2CAF /* WriteData.swift in Sources */ = {isa = PBXBuildFile; fileRef = 93C2BAEB299263F2005C2CAF /* WriteData.swift */; };
/* End PBXBuildFile section */

/* Begin PBXFileReference section */
		93181DA82991BCA6008B51C0 /* DGSWchat.app */ = {isa = PBXFileReference; explicitFileType = wrapper.application; includeInIndex = 0; path = DGSWchat.app; sourceTree = BUILT_PRODUCTS_DIR; };
		93181DAB2991BCA6008B51C0 /* DGSWchatApp.swift */ = {isa = PBXFileReference; lastKnownFileType = sourcecode.swift; path = DGSWchatApp.swift; sourceTree = "<group>"; };
		93181DAD2991BCA6008B51C0 /* MainView.swift */ = {isa = PBXFileReference; lastKnownFileType = sourcecode.swift; path = MainView.swift; sourceTree = "<group>"; };
		93181DAF2991BCA7008B51C0 /* Assets.xcassets */ = {isa = PBXFileReference; lastKnownFileType = folder.assetcatalog; path = Assets.xcassets; sourceTree = "<group>"; };
		93181DBB2991BD52008B51C0 /* SWColor.swift */ = {isa = PBXFileReference; lastKnownFileType = sourcecode.swift; path = SWColor.swift; sourceTree = "<group>"; };
		93181DC02991BDF7008B51C0 /* LaunchView.swift */ = {isa = PBXFileReference; lastKnownFileType = sourcecode.swift; path = LaunchView.swift; sourceTree = "<group>"; };
		93181DC32991BE3D008B51C0 /* Interceptor.swift */ = {isa = PBXFileReference; lastKnownFileType = sourcecode.swift; path = Interceptor.swift; sourceTree = "<group>"; };
		93181DCA2991BEA6008B51C0 /* OnboardingView.swift */ = {isa = PBXFileReference; lastKnownFileType = sourcecode.swift; path = OnboardingView.swift; sourceTree = "<group>"; };
		93181DCD2991BEF5008B51C0 /* SWButton.swift */ = {isa = PBXFileReference; lastKnownFileType = sourcecode.swift; path = SWButton.swift; sourceTree = "<group>"; };
		93181DD02991BF4B008B51C0 /* SWFont.swift */ = {isa = PBXFileReference; lastKnownFileType = sourcecode.swift; path = SWFont.swift; sourceTree = "<group>"; };
		93181DD32991BF95008B51C0 /* SWLabel.swift */ = {isa = PBXFileReference; lastKnownFileType = sourcecode.swift; path = SWLabel.swift; sourceTree = "<group>"; };
		93181DD52991C1A0008B51C0 /* SWField.swift */ = {isa = PBXFileReference; lastKnownFileType = sourcecode.swift; path = SWField.swift; sourceTree = "<group>"; };
		93181DD82991C293008B51C0 /* ViewExt.swift */ = {isa = PBXFileReference; lastKnownFileType = sourcecode.swift; path = ViewExt.swift; sourceTree = "<group>"; };
		93181DDA2991CB63008B51C0 /* README.md */ = {isa = PBXFileReference; lastKnownFileType = net.daringfireball.markdown; path = README.md; sourceTree = "<group>"; };
		93181DDB2991CFB2008B51C0 /* Constants.swift */ = {isa = PBXFileReference; lastKnownFileType = sourcecode.swift; path = Constants.swift; sourceTree = "<group>"; };
		93181DDD2991CFE8008B51C0 /* Info.plist */ = {isa = PBXFileReference; lastKnownFileType = text.plist; path = Info.plist; sourceTree = "<group>"; };
		93181DDE2991D01A008B51C0 /* OnboardingController.swift */ = {isa = PBXFileReference; lastKnownFileType = sourcecode.swift; path = OnboardingController.swift; sourceTree = "<group>"; };
		93181DE22991D0B7008B51C0 /* Response.swift */ = {isa = PBXFileReference; lastKnownFileType = sourcecode.swift; path = Response.swift; sourceTree = "<group>"; };
		93181DE42991D0E0008B51C0 /* TokenManager.swift */ = {isa = PBXFileReference; lastKnownFileType = sourcecode.swift; path = TokenManager.swift; sourceTree = "<group>"; };
		93181DEA2991D29C008B51C0 /* ChatView.swift */ = {isa = PBXFileReference; lastKnownFileType = sourcecode.swift; path = ChatView.swift; sourceTree = "<group>"; };
		9337AD3F2991D2DE00449466 /* ChatController.swift */ = {isa = PBXFileReference; lastKnownFileType = sourcecode.swift; path = ChatController.swift; sourceTree = "<group>"; };
		9337AD412991D2E300449466 /* ChatDataManager.swift */ = {isa = PBXFileReference; lastKnownFileType = sourcecode.swift; path = ChatDataManager.swift; sourceTree = "<group>"; };
		9337AD442991D6D000449466 /* ChatData.swift */ = {isa = PBXFileReference; lastKnownFileType = sourcecode.swift; path = ChatData.swift; sourceTree = "<group>"; };
		9361D88A2992679D00819A3C /* NotifyView.swift */ = {isa = PBXFileReference; lastKnownFileType = sourcecode.swift; path = NotifyView.swift; sourceTree = "<group>"; };
		9379894F2991F5620093A42A /* OnboardingData.swift */ = {isa = PBXFileReference; lastKnownFileType = sourcecode.swift; path = OnboardingData.swift; sourceTree = "<group>"; };
		9379895129920BAC0093A42A /* TransitionExt.swift */ = {isa = PBXFileReference; lastKnownFileType = sourcecode.swift; path = TransitionExt.swift; sourceTree = "<group>"; };
		93798954299229BD0093A42A /* StringExt.swift */ = {isa = PBXFileReference; lastKnownFileType = sourcecode.swift; path = StringExt.swift; sourceTree = "<group>"; };
		93798956299230600093A42A /* SWView.swift */ = {isa = PBXFileReference; lastKnownFileType = sourcecode.swift; path = SWView.swift; sourceTree = "<group>"; };
		9379895829923DDB0093A42A /* MainCellView.swift */ = {isa = PBXFileReference; lastKnownFileType = sourcecode.swift; path = MainCellView.swift; sourceTree = "<group>"; };
		9379895A29923FB30093A42A /* MainData.swift */ = {isa = PBXFileReference; lastKnownFileType = sourcecode.swift; path = MainData.swift; sourceTree = "<group>"; };
		93C2BAE02992610C005C2CAF /* ProfileController.swift */ = {isa = PBXFileReference; lastKnownFileType = sourcecode.swift; path = ProfileController.swift; sourceTree = "<group>"; };
		93C2BAE229926110005C2CAF /* ProfileData.swift */ = {isa = PBXFileReference; lastKnownFileType = sourcecode.swift; path = ProfileData.swift; sourceTree = "<group>"; };
		93C2BAE42992611B005C2CAF /* ProfileView.swift */ = {isa = PBXFileReference; lastKnownFileType = sourcecode.swift; path = ProfileView.swift; sourceTree = "<group>"; };
		93C2BAE7299263E6005C2CAF /* WriteView.swift */ = {isa = PBXFileReference; lastKnownFileType = sourcecode.swift; path = WriteView.swift; sourceTree = "<group>"; };
		93C2BAE9299263EE005C2CAF /* WriteController.swift */ = {isa = PBXFileReference; lastKnownFileType = sourcecode.swift; path = WriteController.swift; sourceTree = "<group>"; };
		93C2BAEB299263F2005C2CAF /* WriteData.swift */ = {isa = PBXFileReference; lastKnownFileType = sourcecode.swift; path = WriteData.swift; sourceTree = "<group>"; };
/* End PBXFileReference section */

/* Begin PBXFrameworksBuildPhase section */
		93181DA52991BCA6008B51C0 /* Frameworks */ = {
			isa = PBXFrameworksBuildPhase;
			buildActionMask = 2147483647;
			files = (
				93181DE82991D286008B51C0 /* RealmSwift in Frameworks */,
				93181DC72991BE75008B51C0 /* Alamofire in Frameworks */,
			);
			runOnlyForDeploymentPostprocessing = 0;
		};
/* End PBXFrameworksBuildPhase section */

/* Begin PBXGroup section */
		93181D9F2991BCA6008B51C0 = {
			isa = PBXGroup;
			children = (
				93181DDA2991CB63008B51C0 /* README.md */,
				93181DAA2991BCA6008B51C0 /* DGSWchat */,
				93181DA92991BCA6008B51C0 /* Products */,
			);
			sourceTree = "<group>";
		};
		93181DA92991BCA6008B51C0 /* Products */ = {
			isa = PBXGroup;
			children = (
				93181DA82991BCA6008B51C0 /* DGSWchat.app */,
			);
			name = Products;
			sourceTree = "<group>";
		};
		93181DAA2991BCA6008B51C0 /* DGSWchat */ = {
			isa = PBXGroup;
			children = (
				93181DDD2991CFE8008B51C0 /* Info.plist */,
				93181DBE2991BDD6008B51C0 /* Resources */,
				93181DBD2991BDD0008B51C0 /* Sources */,
				9337AD432991D31A00449466 /* Preview Content */,
			);
			path = DGSWchat;
			sourceTree = "<group>";
		};
		93181DB92991BD3C008B51C0 /* Presets */ = {
			isa = PBXGroup;
			children = (
				93181DC22991BE2A008B51C0 /* Network */,
				93181DBA2991BD4A008B51C0 /* Component */,
				93181DCC2991BEE6008B51C0 /* View */,
				93181DD72991C1E5008B51C0 /* Extensions */,
			);
			path = Presets;
			sourceTree = "<group>";
		};
		93181DBA2991BD4A008B51C0 /* Component */ = {
			isa = PBXGroup;
			children = (
				93181DBB2991BD52008B51C0 /* SWColor.swift */,
				93181DD02991BF4B008B51C0 /* SWFont.swift */,
			);
			path = Component;
			sourceTree = "<group>";
		};
		93181DBD2991BDD0008B51C0 /* Sources */ = {
			isa = PBXGroup;
			children = (
				93181DBF2991BDF2008B51C0 /* LaunchView */,
				93181DC92991BE9E008B51C0 /* OnboardingView */,
				93181DC82991BE97008B51C0 /* MainView */,
				9361D8892992678A00819A3C /* NotifyView */,
				93181DE92991D296008B51C0 /* ChatView */,
				93C2BAE6299263DE005C2CAF /* WriteView */,
				93C2BADD299260FF005C2CAF /* ProfileView */,
			);
			path = Sources;
			sourceTree = "<group>";
		};
		93181DBE2991BDD6008B51C0 /* Resources */ = {
			isa = PBXGroup;
			children = (
				93181DAB2991BCA6008B51C0 /* DGSWchatApp.swift */,
				93181DAF2991BCA7008B51C0 /* Assets.xcassets */,
				93181DB92991BD3C008B51C0 /* Presets */,
			);
			path = Resources;
			sourceTree = "<group>";
		};
		93181DBF2991BDF2008B51C0 /* LaunchView */ = {
			isa = PBXGroup;
			children = (
				93181DC02991BDF7008B51C0 /* LaunchView.swift */,
			);
			path = LaunchView;
			sourceTree = "<group>";
		};
		93181DC22991BE2A008B51C0 /* Network */ = {
			isa = PBXGroup;
			children = (
				93181DDB2991CFB2008B51C0 /* Constants.swift */,
				93181DC32991BE3D008B51C0 /* Interceptor.swift */,
				93181DE22991D0B7008B51C0 /* Response.swift */,
				93181DE42991D0E0008B51C0 /* TokenManager.swift */,
			);
			path = Network;
			sourceTree = "<group>";
		};
		93181DC82991BE97008B51C0 /* MainView */ = {
			isa = PBXGroup;
			children = (
				93181DAD2991BCA6008B51C0 /* MainView.swift */,
				9379895829923DDB0093A42A /* MainCellView.swift */,
				9379895A29923FB30093A42A /* MainData.swift */,
			);
			path = MainView;
			sourceTree = "<group>";
		};
		93181DC92991BE9E008B51C0 /* OnboardingView */ = {
			isa = PBXGroup;
			children = (
				93181DCA2991BEA6008B51C0 /* OnboardingView.swift */,
				93181DDE2991D01A008B51C0 /* OnboardingController.swift */,
				9379894F2991F5620093A42A /* OnboardingData.swift */,
			);
			path = OnboardingView;
			sourceTree = "<group>";
		};
		93181DCC2991BEE6008B51C0 /* View */ = {
			isa = PBXGroup;
			children = (
				93181DD52991C1A0008B51C0 /* SWField.swift */,
				93181DCD2991BEF5008B51C0 /* SWButton.swift */,
				93181DD32991BF95008B51C0 /* SWLabel.swift */,
				93798956299230600093A42A /* SWView.swift */,
			);
			path = View;
			sourceTree = "<group>";
		};
		93181DD72991C1E5008B51C0 /* Extensions */ = {
			isa = PBXGroup;
			children = (
				93181DD82991C293008B51C0 /* ViewExt.swift */,
				9379895129920BAC0093A42A /* TransitionExt.swift */,
				93798954299229BD0093A42A /* StringExt.swift */,
			);
			path = Extensions;
			sourceTree = "<group>";
		};
		93181DE92991D296008B51C0 /* ChatView */ = {
			isa = PBXGroup;
			children = (
				93181DEA2991D29C008B51C0 /* ChatView.swift */,
				9337AD3F2991D2DE00449466 /* ChatController.swift */,
				9337AD442991D6D000449466 /* ChatData.swift */,
				9337AD412991D2E300449466 /* ChatDataManager.swift */,
			);
			path = ChatView;
			sourceTree = "<group>";
		};
		9337AD432991D31A00449466 /* Preview Content */ = {
			isa = PBXGroup;
			children = (
			);
			path = "Preview Content";
			sourceTree = "<group>";
		};
		9361D8892992678A00819A3C /* NotifyView */ = {
			isa = PBXGroup;
			children = (
				9361D88A2992679D00819A3C /* NotifyView.swift */,
			);
			path = NotifyView;
			sourceTree = "<group>";
		};
		93C2BADD299260FF005C2CAF /* ProfileView */ = {
			isa = PBXGroup;
			children = (
				93C2BAE42992611B005C2CAF /* ProfileView.swift */,
				93C2BAE02992610C005C2CAF /* ProfileController.swift */,
				93C2BAE229926110005C2CAF /* ProfileData.swift */,
			);
			path = ProfileView;
			sourceTree = "<group>";
		};
		93C2BAE6299263DE005C2CAF /* WriteView */ = {
			isa = PBXGroup;
			children = (
				93C2BAE7299263E6005C2CAF /* WriteView.swift */,
				93C2BAE9299263EE005C2CAF /* WriteController.swift */,
				93C2BAEB299263F2005C2CAF /* WriteData.swift */,
			);
			path = WriteView;
			sourceTree = "<group>";
		};
/* End PBXGroup section */

/* Begin PBXNativeTarget section */
		93181DA72991BCA6008B51C0 /* DGSWchat */ = {
			isa = PBXNativeTarget;
			buildConfigurationList = 93181DB62991BCA7008B51C0 /* Build configuration list for PBXNativeTarget "DGSWchat" */;
			buildPhases = (
				93181DA42991BCA6008B51C0 /* Sources */,
				93181DA52991BCA6008B51C0 /* Frameworks */,
				93181DA62991BCA6008B51C0 /* Resources */,
			);
			buildRules = (
			);
			dependencies = (
			);
			name = DGSWchat;
			packageProductDependencies = (
				93181DC62991BE75008B51C0 /* Alamofire */,
				93181DE72991D286008B51C0 /* RealmSwift */,
			);
			productName = DGSWchat;
			productReference = 93181DA82991BCA6008B51C0 /* DGSWchat.app */;
			productType = "com.apple.product-type.application";
		};
/* End PBXNativeTarget section */

/* Begin PBXProject section */
		93181DA02991BCA6008B51C0 /* Project object */ = {
			isa = PBXProject;
			attributes = {
				BuildIndependentTargetsInParallel = 1;
				LastSwiftUpdateCheck = 1420;
				LastUpgradeCheck = 1420;
				TargetAttributes = {
					93181DA72991BCA6008B51C0 = {
						CreatedOnToolsVersion = 14.2;
					};
				};
			};
			buildConfigurationList = 93181DA32991BCA6008B51C0 /* Build configuration list for PBXProject "DGSWchat" */;
			compatibilityVersion = "Xcode 14.0";
			developmentRegion = en;
			hasScannedForEncodings = 0;
			knownRegions = (
				en,
				Base,
			);
			mainGroup = 93181D9F2991BCA6008B51C0;
			packageReferences = (
				93181DC52991BE75008B51C0 /* XCRemoteSwiftPackageReference "Alamofire" */,
				93181DE62991D286008B51C0 /* XCRemoteSwiftPackageReference "realm-swift" */,
			);
			productRefGroup = 93181DA92991BCA6008B51C0 /* Products */;
			projectDirPath = "";
			projectRoot = "";
			targets = (
				93181DA72991BCA6008B51C0 /* DGSWchat */,
			);
		};
/* End PBXProject section */

/* Begin PBXResourcesBuildPhase section */
		93181DA62991BCA6008B51C0 /* Resources */ = {
			isa = PBXResourcesBuildPhase;
			buildActionMask = 2147483647;
			files = (
				93181DB02991BCA7008B51C0 /* Assets.xcassets in Resources */,
			);
			runOnlyForDeploymentPostprocessing = 0;
		};
/* End PBXResourcesBuildPhase section */

/* Begin PBXSourcesBuildPhase section */
		93181DA42991BCA6008B51C0 /* Sources */ = {
			isa = PBXSourcesBuildPhase;
			buildActionMask = 2147483647;
			files = (
				93181DD62991C1A0008B51C0 /* SWField.swift in Sources */,
				93181DD12991BF4B008B51C0 /* SWFont.swift in Sources */,
				93C2BAE8299263E6005C2CAF /* WriteView.swift in Sources */,
				937989502991F5620093A42A /* OnboardingData.swift in Sources */,
				93181DCB2991BEA6008B51C0 /* OnboardingView.swift in Sources */,
				93798957299230600093A42A /* SWView.swift in Sources */,
				9337AD452991D6D000449466 /* ChatData.swift in Sources */,
				93C2BAE12992610C005C2CAF /* ProfileController.swift in Sources */,
				93181DDF2991D01A008B51C0 /* OnboardingController.swift in Sources */,
				9361D88B2992679D00819A3C /* NotifyView.swift in Sources */,
				93181DE32991D0B7008B51C0 /* Response.swift in Sources */,
				93181DCE2991BEF5008B51C0 /* SWButton.swift in Sources */,
				93181DD92991C293008B51C0 /* ViewExt.swift in Sources */,
				93C2BAE52992611B005C2CAF /* ProfileView.swift in Sources */,
				93C2BAE329926110005C2CAF /* ProfileData.swift in Sources */,
				9337AD422991D2E300449466 /* ChatDataManager.swift in Sources */,
				93C2BAEC299263F2005C2CAF /* WriteData.swift in Sources */,
				93181DD42991BF95008B51C0 /* SWLabel.swift in Sources */,
				93C2BAEA299263EE005C2CAF /* WriteController.swift in Sources */,
				93798955299229BD0093A42A /* StringExt.swift in Sources */,
				93181DBC2991BD52008B51C0 /* SWColor.swift in Sources */,
				93181DE52991D0E0008B51C0 /* TokenManager.swift in Sources */,
				93181DC42991BE3D008B51C0 /* Interceptor.swift in Sources */,
				93181DC12991BDF7008B51C0 /* LaunchView.swift in Sources */,
				93181DEB2991D29C008B51C0 /* ChatView.swift in Sources */,
				93181DAE2991BCA6008B51C0 /* MainView.swift in Sources */,
				93181DAC2991BCA6008B51C0 /* DGSWchatApp.swift in Sources */,
				9379895B29923FB30093A42A /* MainData.swift in Sources */,
				9379895229920BAC0093A42A /* TransitionExt.swift in Sources */,
				93181DDC2991CFB2008B51C0 /* Constants.swift in Sources */,
				9337AD402991D2DE00449466 /* ChatController.swift in Sources */,
				9379895929923DDB0093A42A /* MainCellView.swift in Sources */,
			);
			runOnlyForDeploymentPostprocessing = 0;
		};
/* End PBXSourcesBuildPhase section */

/* Begin XCBuildConfiguration section */
		93181DB42991BCA7008B51C0 /* Debug */ = {
			isa = XCBuildConfiguration;
			buildSettings = {
				ALWAYS_SEARCH_USER_PATHS = NO;
				CLANG_ANALYZER_NONNULL = YES;
				CLANG_ANALYZER_NUMBER_OBJECT_CONVERSION = YES_AGGRESSIVE;
				CLANG_CXX_LANGUAGE_STANDARD = "gnu++20";
				CLANG_ENABLE_MODULES = YES;
				CLANG_ENABLE_OBJC_ARC = YES;
				CLANG_ENABLE_OBJC_WEAK = YES;
				CLANG_WARN_BLOCK_CAPTURE_AUTORELEASING = YES;
				CLANG_WARN_BOOL_CONVERSION = YES;
				CLANG_WARN_COMMA = YES;
				CLANG_WARN_CONSTANT_CONVERSION = YES;
				CLANG_WARN_DEPRECATED_OBJC_IMPLEMENTATIONS = YES;
				CLANG_WARN_DIRECT_OBJC_ISA_USAGE = YES_ERROR;
				CLANG_WARN_DOCUMENTATION_COMMENTS = YES;
				CLANG_WARN_EMPTY_BODY = YES;
				CLANG_WARN_ENUM_CONVERSION = YES;
				CLANG_WARN_INFINITE_RECURSION = YES;
				CLANG_WARN_INT_CONVERSION = YES;
				CLANG_WARN_NON_LITERAL_NULL_CONVERSION = YES;
				CLANG_WARN_OBJC_IMPLICIT_RETAIN_SELF = YES;
				CLANG_WARN_OBJC_LITERAL_CONVERSION = YES;
				CLANG_WARN_OBJC_ROOT_CLASS = YES_ERROR;
				CLANG_WARN_QUOTED_INCLUDE_IN_FRAMEWORK_HEADER = YES;
				CLANG_WARN_RANGE_LOOP_ANALYSIS = YES;
				CLANG_WARN_STRICT_PROTOTYPES = YES;
				CLANG_WARN_SUSPICIOUS_MOVE = YES;
				CLANG_WARN_UNGUARDED_AVAILABILITY = YES_AGGRESSIVE;
				CLANG_WARN_UNREACHABLE_CODE = YES;
				CLANG_WARN__DUPLICATE_METHOD_MATCH = YES;
				COPY_PHASE_STRIP = NO;
				DEBUG_INFORMATION_FORMAT = dwarf;
				ENABLE_STRICT_OBJC_MSGSEND = YES;
				ENABLE_TESTABILITY = YES;
				GCC_C_LANGUAGE_STANDARD = gnu11;
				GCC_DYNAMIC_NO_PIC = NO;
				GCC_NO_COMMON_BLOCKS = YES;
				GCC_OPTIMIZATION_LEVEL = 0;
				GCC_PREPROCESSOR_DEFINITIONS = (
					"DEBUG=1",
					"$(inherited)",
				);
				GCC_WARN_64_TO_32_BIT_CONVERSION = YES;
				GCC_WARN_ABOUT_RETURN_TYPE = YES_ERROR;
				GCC_WARN_UNDECLARED_SELECTOR = YES;
				GCC_WARN_UNINITIALIZED_AUTOS = YES_AGGRESSIVE;
				GCC_WARN_UNUSED_FUNCTION = YES;
				GCC_WARN_UNUSED_VARIABLE = YES;
				IPHONEOS_DEPLOYMENT_TARGET = 16.0;
				MTL_ENABLE_DEBUG_INFO = INCLUDE_SOURCE;
				MTL_FAST_MATH = YES;
				ONLY_ACTIVE_ARCH = YES;
				SDKROOT = iphoneos;
				SWIFT_ACTIVE_COMPILATION_CONDITIONS = DEBUG;
				SWIFT_OPTIMIZATION_LEVEL = "-Onone";
			};
			name = Debug;
		};
		93181DB52991BCA7008B51C0 /* Release */ = {
			isa = XCBuildConfiguration;
			buildSettings = {
				ALWAYS_SEARCH_USER_PATHS = NO;
				CLANG_ANALYZER_NONNULL = YES;
				CLANG_ANALYZER_NUMBER_OBJECT_CONVERSION = YES_AGGRESSIVE;
				CLANG_CXX_LANGUAGE_STANDARD = "gnu++20";
				CLANG_ENABLE_MODULES = YES;
				CLANG_ENABLE_OBJC_ARC = YES;
				CLANG_ENABLE_OBJC_WEAK = YES;
				CLANG_WARN_BLOCK_CAPTURE_AUTORELEASING = YES;
				CLANG_WARN_BOOL_CONVERSION = YES;
				CLANG_WARN_COMMA = YES;
				CLANG_WARN_CONSTANT_CONVERSION = YES;
				CLANG_WARN_DEPRECATED_OBJC_IMPLEMENTATIONS = YES;
				CLANG_WARN_DIRECT_OBJC_ISA_USAGE = YES_ERROR;
				CLANG_WARN_DOCUMENTATION_COMMENTS = YES;
				CLANG_WARN_EMPTY_BODY = YES;
				CLANG_WARN_ENUM_CONVERSION = YES;
				CLANG_WARN_INFINITE_RECURSION = YES;
				CLANG_WARN_INT_CONVERSION = YES;
				CLANG_WARN_NON_LITERAL_NULL_CONVERSION = YES;
				CLANG_WARN_OBJC_IMPLICIT_RETAIN_SELF = YES;
				CLANG_WARN_OBJC_LITERAL_CONVERSION = YES;
				CLANG_WARN_OBJC_ROOT_CLASS = YES_ERROR;
				CLANG_WARN_QUOTED_INCLUDE_IN_FRAMEWORK_HEADER = YES;
				CLANG_WARN_RANGE_LOOP_ANALYSIS = YES;
				CLANG_WARN_STRICT_PROTOTYPES = YES;
				CLANG_WARN_SUSPICIOUS_MOVE = YES;
				CLANG_WARN_UNGUARDED_AVAILABILITY = YES_AGGRESSIVE;
				CLANG_WARN_UNREACHABLE_CODE = YES;
				CLANG_WARN__DUPLICATE_METHOD_MATCH = YES;
				COPY_PHASE_STRIP = NO;
				DEBUG_INFORMATION_FORMAT = "dwarf-with-dsym";
				ENABLE_NS_ASSERTIONS = NO;
				ENABLE_STRICT_OBJC_MSGSEND = YES;
				GCC_C_LANGUAGE_STANDARD = gnu11;
				GCC_NO_COMMON_BLOCKS = YES;
				GCC_WARN_64_TO_32_BIT_CONVERSION = YES;
				GCC_WARN_ABOUT_RETURN_TYPE = YES_ERROR;
				GCC_WARN_UNDECLARED_SELECTOR = YES;
				GCC_WARN_UNINITIALIZED_AUTOS = YES_AGGRESSIVE;
				GCC_WARN_UNUSED_FUNCTION = YES;
				GCC_WARN_UNUSED_VARIABLE = YES;
				IPHONEOS_DEPLOYMENT_TARGET = 16.0;
				MTL_ENABLE_DEBUG_INFO = NO;
				MTL_FAST_MATH = YES;
				SDKROOT = iphoneos;
				SWIFT_COMPILATION_MODE = wholemodule;
				SWIFT_OPTIMIZATION_LEVEL = "-O";
				VALIDATE_PRODUCT = YES;
			};
			name = Release;
		};
		93181DB72991BCA7008B51C0 /* Debug */ = {
			isa = XCBuildConfiguration;
			buildSettings = {
				ASSETCATALOG_COMPILER_APPICON_NAME = AppIcon;
				ASSETCATALOG_COMPILER_GLOBAL_ACCENT_COLOR_NAME = AccentColor;
				CODE_SIGN_STYLE = Automatic;
				CURRENT_PROJECT_VERSION = 1;
				DEVELOPMENT_ASSET_PATHS = "\"DGSWchat/Preview Content\"";
				DEVELOPMENT_TEAM = 56V747V83R;
				ENABLE_PREVIEWS = YES;
				GENERATE_INFOPLIST_FILE = YES;
				INFOPLIST_FILE = DGSWchat/Info.plist;
				INFOPLIST_KEY_CFBundleDisplayName = "대소톡";
				INFOPLIST_KEY_UIApplicationSceneManifest_Generation = YES;
				INFOPLIST_KEY_UIApplicationSupportsIndirectInputEvents = YES;
				INFOPLIST_KEY_UILaunchScreen_Generation = YES;
				INFOPLIST_KEY_UISupportedInterfaceOrientations = UIInterfaceOrientationPortrait;
				INFOPLIST_KEY_UISupportedInterfaceOrientations_iPad = "UIInterfaceOrientationLandscapeLeft UIInterfaceOrientationLandscapeRight UIInterfaceOrientationPortrait UIInterfaceOrientationPortraitUpsideDown";
				IPHONEOS_DEPLOYMENT_TARGET = 16;
				LD_RUNPATH_SEARCH_PATHS = (
					"$(inherited)",
					"@executable_path/Frameworks",
				);
				MARKETING_VERSION = 1.0;
				PRODUCT_BUNDLE_IDENTIFIER = net.mercen.DGSWchat;
				PRODUCT_NAME = "$(TARGET_NAME)";
				SWIFT_EMIT_LOC_STRINGS = YES;
				SWIFT_VERSION = 5.0;
				TARGETED_DEVICE_FAMILY = "1,2";
			};
			name = Debug;
		};
		93181DB82991BCA7008B51C0 /* Release */ = {
			isa = XCBuildConfiguration;
			buildSettings = {
				ASSETCATALOG_COMPILER_APPICON_NAME = AppIcon;
				ASSETCATALOG_COMPILER_GLOBAL_ACCENT_COLOR_NAME = AccentColor;
				CODE_SIGN_STYLE = Automatic;
				CURRENT_PROJECT_VERSION = 1;
				DEVELOPMENT_ASSET_PATHS = "\"DGSWchat/Preview Content\"";
				DEVELOPMENT_TEAM = 56V747V83R;
				ENABLE_PREVIEWS = YES;
				GENERATE_INFOPLIST_FILE = YES;
				INFOPLIST_FILE = DGSWchat/Info.plist;
				INFOPLIST_KEY_CFBundleDisplayName = "대소톡";
				INFOPLIST_KEY_UIApplicationSceneManifest_Generation = YES;
				INFOPLIST_KEY_UIApplicationSupportsIndirectInputEvents = YES;
				INFOPLIST_KEY_UILaunchScreen_Generation = YES;
				INFOPLIST_KEY_UISupportedInterfaceOrientations = UIInterfaceOrientationPortrait;
				INFOPLIST_KEY_UISupportedInterfaceOrientations_iPad = "UIInterfaceOrientationLandscapeLeft UIInterfaceOrientationLandscapeRight UIInterfaceOrientationPortrait UIInterfaceOrientationPortraitUpsideDown";
				IPHONEOS_DEPLOYMENT_TARGET = 16;
				LD_RUNPATH_SEARCH_PATHS = (
					"$(inherited)",
					"@executable_path/Frameworks",
				);
				MARKETING_VERSION = 1.0;
				PRODUCT_BUNDLE_IDENTIFIER = net.mercen.DGSWchat;
				PRODUCT_NAME = "$(TARGET_NAME)";
				SWIFT_EMIT_LOC_STRINGS = YES;
				SWIFT_VERSION = 5.0;
				TARGETED_DEVICE_FAMILY = "1,2";
			};
			name = Release;
		};
/* End XCBuildConfiguration section */

/* Begin XCConfigurationList section */
		93181DA32991BCA6008B51C0 /* Build configuration list for PBXProject "DGSWchat" */ = {
			isa = XCConfigurationList;
			buildConfigurations = (
				93181DB42991BCA7008B51C0 /* Debug */,
				93181DB52991BCA7008B51C0 /* Release */,
			);
			defaultConfigurationIsVisible = 0;
			defaultConfigurationName = Release;
		};
		93181DB62991BCA7008B51C0 /* Build configuration list for PBXNativeTarget "DGSWchat" */ = {
			isa = XCConfigurationList;
			buildConfigurations = (
				93181DB72991BCA7008B51C0 /* Debug */,
				93181DB82991BCA7008B51C0 /* Release */,
			);
			defaultConfigurationIsVisible = 0;
			defaultConfigurationName = Release;
		};
/* End XCConfigurationList section */

/* Begin XCRemoteSwiftPackageReference section */
		93181DC52991BE75008B51C0 /* XCRemoteSwiftPackageReference "Alamofire" */ = {
			isa = XCRemoteSwiftPackageReference;
			repositoryURL = "https://github.com/Alamofire/Alamofire";
			requirement = {
				branch = master;
				kind = branch;
			};
		};
		93181DE62991D286008B51C0 /* XCRemoteSwiftPackageReference "realm-swift" */ = {
			isa = XCRemoteSwiftPackageReference;
			repositoryURL = "https://github.com/realm/realm-swift";
			requirement = {
				branch = master;
				kind = branch;
			};
		};
/* End XCRemoteSwiftPackageReference section */

/* Begin XCSwiftPackageProductDependency section */
		93181DC62991BE75008B51C0 /* Alamofire */ = {
			isa = XCSwiftPackageProductDependency;
			package = 93181DC52991BE75008B51C0 /* XCRemoteSwiftPackageReference "Alamofire" */;
			productName = Alamofire;
		};
		93181DE72991D286008B51C0 /* RealmSwift */ = {
			isa = XCSwiftPackageProductDependency;
			package = 93181DE62991D286008B51C0 /* XCRemoteSwiftPackageReference "realm-swift" */;
			productName = RealmSwift;
		};
/* End XCSwiftPackageProductDependency section */
	};
	rootObject = 93181DA02991BCA6008B51C0 /* Project object */;
}
